// !$*UTF8*$!
{
	archiveVersion = 1;
	classes = {
	};
	objectVersion = 50;
	objects = {

/* Begin PBXBuildFile section */
		9B50CB442715D2DE00912345 /* AppDelegate.swift in Sources */ = {isa = PBXBuildFile; fileRef = 9B50CB432715D2DE00912345 /* AppDelegate.swift */; };
		9B50CB462715D2DE00912345 /* ViewController.swift in Sources */ = {isa = PBXBuildFile; fileRef = 9B50CB452715D2DE00912345 /* ViewController.swift */; };
		9B50CB482715D2E100912345 /* Assets.xcassets in Resources */ = {isa = PBXBuildFile; fileRef = 9B50CB472715D2E100912345 /* Assets.xcassets */; };
		9B50CB4B2715D2E100912345 /* Main.storyboard in Resources */ = {isa = PBXBuildFile; fileRef = 9B50CB492715D2E100912345 /* Main.storyboard */; };
		9B50CB572715D2E100912345 /* starterPackTests.swift in Sources */ = {isa = PBXBuildFile; fileRef = 9B50CB562715D2E100912345 /* starterPackTests.swift */; };
		9B50CB622715D2E100912345 /* starterPackUITests.swift in Sources */ = {isa = PBXBuildFile; fileRef = 9B50CB612715D2E100912345 /* starterPackUITests.swift */; };
/* End PBXBuildFile section */

/* Begin PBXContainerItemProxy section */
		9B50CB532715D2E100912345 /* PBXContainerItemProxy */ = {
			isa = PBXContainerItemProxy;
			containerPortal = 9B50CB382715D2DE00912345 /* Project object */;
			proxyType = 1;
			remoteGlobalIDString = 9B50CB3F2715D2DE00912345;
			remoteInfo = starterPack;
		};
		9B50CB5E2715D2E100912345 /* PBXContainerItemProxy */ = {
			isa = PBXContainerItemProxy;
			containerPortal = 9B50CB382715D2DE00912345 /* Project object */;
			proxyType = 1;
			remoteGlobalIDString = 9B50CB3F2715D2DE00912345;
			remoteInfo = starterPack;
		};
/* End PBXContainerItemProxy section */

/* Begin PBXFileReference section */
		9B50CB402715D2DE00912345 /* starterPack.app */ = {isa = PBXFileReference; explicitFileType = wrapper.application; includeInIndex = 0; path = starterPack.app; sourceTree = BUILT_PRODUCTS_DIR; };
		9B50CB432715D2DE00912345 /* AppDelegate.swift */ = {isa = PBXFileReference; lastKnownFileType = sourcecode.swift; path = AppDelegate.swift; sourceTree = "<group>"; };
		9B50CB452715D2DE00912345 /* ViewController.swift */ = {isa = PBXFileReference; lastKnownFileType = sourcecode.swift; path = ViewController.swift; sourceTree = "<group>"; };
		9B50CB472715D2E100912345 /* Assets.xcassets */ = {isa = PBXFileReference; lastKnownFileType = folder.assetcatalog; path = Assets.xcassets; sourceTree = "<group>"; };
		9B50CB4A2715D2E100912345 /* Base */ = {isa = PBXFileReference; lastKnownFileType = file.storyboard; name = Base; path = Base.lproj/Main.storyboard; sourceTree = "<group>"; };
		9B50CB4C2715D2E100912345 /* Info.plist */ = {isa = PBXFileReference; lastKnownFileType = text.plist.xml; path = Info.plist; sourceTree = "<group>"; };
		9B50CB4D2715D2E100912345 /* starterPack.entitlements */ = {isa = PBXFileReference; lastKnownFileType = text.plist.entitlements; path = starterPack.entitlements; sourceTree = "<group>"; };
		9B50CB522715D2E100912345 /* starterPackTests.xctest */ = {isa = PBXFileReference; explicitFileType = wrapper.cfbundle; includeInIndex = 0; path = starterPackTests.xctest; sourceTree = BUILT_PRODUCTS_DIR; };
		9B50CB562715D2E100912345 /* starterPackTests.swift */ = {isa = PBXFileReference; lastKnownFileType = sourcecode.swift; path = starterPackTests.swift; sourceTree = "<group>"; };
		9B50CB582715D2E100912345 /* Info.plist */ = {isa = PBXFileReference; lastKnownFileType = text.plist.xml; path = Info.plist; sourceTree = "<group>"; };
		9B50CB5D2715D2E100912345 /* starterPackUITests.xctest */ = {isa = PBXFileReference; explicitFileType = wrapper.cfbundle; includeInIndex = 0; path = starterPackUITests.xctest; sourceTree = BUILT_PRODUCTS_DIR; };
		9B50CB612715D2E100912345 /* starterPackUITests.swift */ = {isa = PBXFileReference; lastKnownFileType = sourcecode.swift; path = starterPackUITests.swift; sourceTree = "<group>"; };
		9B50CB632715D2E100912345 /* Info.plist */ = {isa = PBXFileReference; lastKnownFileType = text.plist.xml; path = Info.plist; sourceTree = "<group>"; };
/* End PBXFileReference section */

/* Begin PBXFrameworksBuildPhase section */
		9B50CB3D2715D2DE00912345 /* Frameworks */ = {
			isa = PBXFrameworksBuildPhase;
			buildActionMask = 2147483647;
			files = (
			);
			runOnlyForDeploymentPostprocessing = 0;
		};
		9B50CB4F2715D2E100912345 /* Frameworks */ = {
			isa = PBXFrameworksBuildPhase;
			buildActionMask = 2147483647;
			files = (
			);
			runOnlyForDeploymentPostprocessing = 0;
		};
		9B50CB5A2715D2E100912345 /* Frameworks */ = {
			isa = PBXFrameworksBuildPhase;
			buildActionMask = 2147483647;
			files = (
			);
			runOnlyForDeploymentPostprocessing = 0;
		};
/* End PBXFrameworksBuildPhase section */

/* Begin PBXGroup section */
		9B50CB372715D2DE00912345 = {
			isa = PBXGroup;
			children = (
				9B50CB422715D2DE00912345 /* starterPack */,
				9B50CB552715D2E100912345 /* starterPackTests */,
				9B50CB602715D2E100912345 /* starterPackUITests */,
				9B50CB412715D2DE00912345 /* Products */,
			);
			sourceTree = "<group>";
		};
		9B50CB412715D2DE00912345 /* Products */ = {
			isa = PBXGroup;
			children = (
				9B50CB402715D2DE00912345 /* starterPack.app */,
				9B50CB522715D2E100912345 /* starterPackTests.xctest */,
				9B50CB5D2715D2E100912345 /* starterPackUITests.xctest */,
			);
			name = Products;
			sourceTree = "<group>";
		};
		9B50CB422715D2DE00912345 /* starterPack */ = {
			isa = PBXGroup;
			children = (
				9B50CB432715D2DE00912345 /* AppDelegate.swift */,
				9B50CB452715D2DE00912345 /* ViewController.swift */,
				9B50CB472715D2E100912345 /* Assets.xcassets */,
				9B50CB492715D2E100912345 /* Main.storyboard */,
				9B50CB4C2715D2E100912345 /* Info.plist */,
				9B50CB4D2715D2E100912345 /* starterPack.entitlements */,
			);
			path = starterPack;
			sourceTree = "<group>";
		};
		9B50CB552715D2E100912345 /* starterPackTests */ = {
			isa = PBXGroup;
			children = (
				9B50CB562715D2E100912345 /* starterPackTests.swift */,
				9B50CB582715D2E100912345 /* Info.plist */,
			);
			path = starterPackTests;
			sourceTree = "<group>";
		};
		9B50CB602715D2E100912345 /* starterPackUITests */ = {
			isa = PBXGroup;
			children = (
				9B50CB612715D2E100912345 /* starterPackUITests.swift */,
				9B50CB632715D2E100912345 /* Info.plist */,
			);
			path = starterPackUITests;
			sourceTree = "<group>";
		};
/* End PBXGroup section */

/* Begin PBXNativeTarget section */
		9B50CB3F2715D2DE00912345 /* starterPack */ = {
			isa = PBXNativeTarget;
			buildConfigurationList = 9B50CB662715D2E100912345 /* Build configuration list for PBXNativeTarget "starterPack" */;
			buildPhases = (
				9B50CB3C2715D2DE00912345 /* Sources */,
				9B50CB3D2715D2DE00912345 /* Frameworks */,
				9B50CB3E2715D2DE00912345 /* Resources */,
			);
			buildRules = (
			);
			dependencies = (
			);
			name = starterPack;
			productName = starterPack;
			productReference = 9B50CB402715D2DE00912345 /* starterPack.app */;
			productType = "com.apple.product-type.application";
		};
		9B50CB512715D2E100912345 /* starterPackTests */ = {
			isa = PBXNativeTarget;
			buildConfigurationList = 9B50CB692715D2E100912345 /* Build configuration list for PBXNativeTarget "starterPackTests" */;
			buildPhases = (
				9B50CB4E2715D2E100912345 /* Sources */,
				9B50CB4F2715D2E100912345 /* Frameworks */,
				9B50CB502715D2E100912345 /* Resources */,
			);
			buildRules = (
			);
			dependencies = (
				9B50CB542715D2E100912345 /* PBXTargetDependency */,
			);
			name = starterPackTests;
			productName = starterPackTests;
			productReference = 9B50CB522715D2E100912345 /* starterPackTests.xctest */;
			productType = "com.apple.product-type.bundle.unit-test";
		};
		9B50CB5C2715D2E100912345 /* starterPackUITests */ = {
			isa = PBXNativeTarget;
			buildConfigurationList = 9B50CB6C2715D2E100912345 /* Build configuration list for PBXNativeTarget "starterPackUITests" */;
			buildPhases = (
				9B50CB592715D2E100912345 /* Sources */,
				9B50CB5A2715D2E100912345 /* Frameworks */,
				9B50CB5B2715D2E100912345 /* Resources */,
			);
			buildRules = (
			);
			dependencies = (
				9B50CB5F2715D2E100912345 /* PBXTargetDependency */,
			);
			name = starterPackUITests;
			productName = starterPackUITests;
			productReference = 9B50CB5D2715D2E100912345 /* starterPackUITests.xctest */;
			productType = "com.apple.product-type.bundle.ui-testing";
		};
/* End PBXNativeTarget section */

/* Begin PBXProject section */
		9B50CB382715D2DE00912345 /* Project object */ = {
			isa = PBXProject;
			attributes = {
				LastSwiftUpdateCheck = 1240;
				LastUpgradeCheck = 1240;
				TargetAttributes = {
					9B50CB3F2715D2DE00912345 = {
						CreatedOnToolsVersion = 12.4;
					};
					9B50CB512715D2E100912345 = {
						CreatedOnToolsVersion = 12.4;
						TestTargetID = 9B50CB3F2715D2DE00912345;
					};
					9B50CB5C2715D2E100912345 = {
						CreatedOnToolsVersion = 12.4;
						TestTargetID = 9B50CB3F2715D2DE00912345;
					};
				};
			};
			buildConfigurationList = 9B50CB3B2715D2DE00912345 /* Build configuration list for PBXProject "starterPack" */;
			compatibilityVersion = "Xcode 9.3";
			developmentRegion = en;
			hasScannedForEncodings = 0;
			knownRegions = (
				en,
				Base,
			);
			mainGroup = 9B50CB372715D2DE00912345;
			productRefGroup = 9B50CB412715D2DE00912345 /* Products */;
			projectDirPath = "";
			projectRoot = "";
			targets = (
				9B50CB3F2715D2DE00912345 /* starterPack */,
				9B50CB512715D2E100912345 /* starterPackTests */,
				9B50CB5C2715D2E100912345 /* starterPackUITests */,
			);
		};
/* End PBXProject section */

/* Begin PBXResourcesBuildPhase section */
		9B50CB3E2715D2DE00912345 /* Resources */ = {
			isa = PBXResourcesBuildPhase;
			buildActionMask = 2147483647;
			files = (
				9B50CB482715D2E100912345 /* Assets.xcassets in Resources */,
				9B50CB4B2715D2E100912345 /* Main.storyboard in Resources */,
			);
			runOnlyForDeploymentPostprocessing = 0;
		};
		9B50CB502715D2E100912345 /* Resources */ = {
			isa = PBXResourcesBuildPhase;
			buildActionMask = 2147483647;
			files = (
			);
			runOnlyForDeploymentPostprocessing = 0;
		};
		9B50CB5B2715D2E100912345 /* Resources */ = {
			isa = PBXResourcesBuildPhase;
			buildActionMask = 2147483647;
			files = (
			);
			runOnlyForDeploymentPostprocessing = 0;
		};
/* End PBXResourcesBuildPhase section */

/* Begin PBXSourcesBuildPhase section */
		9B50CB3C2715D2DE00912345 /* Sources */ = {
			isa = PBXSourcesBuildPhase;
			buildActionMask = 2147483647;
			files = (
				9B50CB462715D2DE00912345 /* ViewController.swift in Sources */,
				9B50CB442715D2DE00912345 /* AppDelegate.swift in Sources */,
			);
			runOnlyForDeploymentPostprocessing = 0;
		};
		9B50CB4E2715D2E100912345 /* Sources */ = {
			isa = PBXSourcesBuildPhase;
			buildActionMask = 2147483647;
			files = (
				9B50CB572715D2E100912345 /* starterPackTests.swift in Sources */,
			);
			runOnlyForDeploymentPostprocessing = 0;
		};
		9B50CB592715D2E100912345 /* Sources */ = {
			isa = PBXSourcesBuildPhase;
			buildActionMask = 2147483647;
			files = (
				9B50CB622715D2E100912345 /* starterPackUITests.swift in Sources */,
			);
			runOnlyForDeploymentPostprocessing = 0;
		};
/* End PBXSourcesBuildPhase section */

/* Begin PBXTargetDependency section */
		9B50CB542715D2E100912345 /* PBXTargetDependency */ = {
			isa = PBXTargetDependency;
			target = 9B50CB3F2715D2DE00912345 /* starterPack */;
			targetProxy = 9B50CB532715D2E100912345 /* PBXContainerItemProxy */;
		};
		9B50CB5F2715D2E100912345 /* PBXTargetDependency */ = {
			isa = PBXTargetDependency;
			target = 9B50CB3F2715D2DE00912345 /* starterPack */;
			targetProxy = 9B50CB5E2715D2E100912345 /* PBXContainerItemProxy */;
		};
/* End PBXTargetDependency section */

/* Begin PBXVariantGroup section */
		9B50CB492715D2E100912345 /* Main.storyboard */ = {
			isa = PBXVariantGroup;
			children = (
				9B50CB4A2715D2E100912345 /* Base */,
			);
			name = Main.storyboard;
			sourceTree = "<group>";
		};
/* End PBXVariantGroup section */

/* Begin XCBuildConfiguration section */
		9B50CB642715D2E100912345 /* Debug */ = {
			isa = XCBuildConfiguration;
			buildSettings = {
				ALWAYS_SEARCH_USER_PATHS = NO;
				CLANG_ANALYZER_NONNULL = YES;
				CLANG_ANALYZER_NUMBER_OBJECT_CONVERSION = YES_AGGRESSIVE;
				CLANG_CXX_LANGUAGE_STANDARD = "gnu++14";
				CLANG_CXX_LIBRARY = "libc++";
				CLANG_ENABLE_MODULES = YES;
				CLANG_ENABLE_OBJC_ARC = YES;
				CLANG_ENABLE_OBJC_WEAK = YES;
				CLANG_WARN_BLOCK_CAPTURE_AUTORELEASING = YES;
				CLANG_WARN_BOOL_CONVERSION = YES;
				CLANG_WARN_COMMA = YES;
				CLANG_WARN_CONSTANT_CONVERSION = YES;
				CLANG_WARN_DEPRECATED_OBJC_IMPLEMENTATIONS = YES;
				CLANG_WARN_DIRECT_OBJC_ISA_USAGE = YES_ERROR;
				CLANG_WARN_DOCUMENTATION_COMMENTS = YES;
				CLANG_WARN_EMPTY_BODY = YES;
				CLANG_WARN_ENUM_CONVERSION = YES;
				CLANG_WARN_INFINITE_RECURSION = YES;
				CLANG_WARN_INT_CONVERSION = YES;
				CLANG_WARN_NON_LITERAL_NULL_CONVERSION = YES;
				CLANG_WARN_OBJC_IMPLICIT_RETAIN_SELF = YES;
				CLANG_WARN_OBJC_LITERAL_CONVERSION = YES;
				CLANG_WARN_OBJC_ROOT_CLASS = YES_ERROR;
				CLANG_WARN_QUOTED_INCLUDE_IN_FRAMEWORK_HEADER = YES;
				CLANG_WARN_RANGE_LOOP_ANALYSIS = YES;
				CLANG_WARN_STRICT_PROTOTYPES = YES;
				CLANG_WARN_SUSPICIOUS_MOVE = YES;
				CLANG_WARN_UNGUARDED_AVAILABILITY = YES_AGGRESSIVE;
				CLANG_WARN_UNREACHABLE_CODE = YES;
				CLANG_WARN__DUPLICATE_METHOD_MATCH = YES;
				COPY_PHASE_STRIP = NO;
				DEBUG_INFORMATION_FORMAT = dwarf;
				ENABLE_STRICT_OBJC_MSGSEND = YES;
				ENABLE_TESTABILITY = YES;
				GCC_C_LANGUAGE_STANDARD = gnu11;
				GCC_DYNAMIC_NO_PIC = NO;
				GCC_NO_COMMON_BLOCKS = YES;
				GCC_OPTIMIZATION_LEVEL = 0;
				GCC_PREPROCESSOR_DEFINITIONS = (
					"DEBUG=1",
					"$(inherited)",
				);
				GCC_WARN_64_TO_32_BIT_CONVERSION = YES;
				GCC_WARN_ABOUT_RETURN_TYPE = YES_ERROR;
				GCC_WARN_UNDECLARED_SELECTOR = YES;
				GCC_WARN_UNINITIALIZED_AUTOS = YES_AGGRESSIVE;
				GCC_WARN_UNUSED_FUNCTION = YES;
				GCC_WARN_UNUSED_VARIABLE = YES;
				MACOSX_DEPLOYMENT_TARGET = 10.15;
				MTL_ENABLE_DEBUG_INFO = INCLUDE_SOURCE;
				MTL_FAST_MATH = YES;
				ONLY_ACTIVE_ARCH = YES;
				SDKROOT = macosx;
				SWIFT_ACTIVE_COMPILATION_CONDITIONS = DEBUG;
				SWIFT_OPTIMIZATION_LEVEL = "-Onone";
			};
			name = Debug;
		};
		9B50CB652715D2E100912345 /* Release */ = {
			isa = XCBuildConfiguration;
			buildSettings = {
				ALWAYS_SEARCH_USER_PATHS = NO;
				CLANG_ANALYZER_NONNULL = YES;
				CLANG_ANALYZER_NUMBER_OBJECT_CONVERSION = YES_AGGRESSIVE;
				CLANG_CXX_LANGUAGE_STANDARD = "gnu++14";
				CLANG_CXX_LIBRARY = "libc++";
				CLANG_ENABLE_MODULES = YES;
				CLANG_ENABLE_OBJC_ARC = YES;
				CLANG_ENABLE_OBJC_WEAK = YES;
				CLANG_WARN_BLOCK_CAPTURE_AUTORELEASING = YES;
				CLANG_WARN_BOOL_CONVERSION = YES;
				CLANG_WARN_COMMA = YES;
				CLANG_WARN_CONSTANT_CONVERSION = YES;
				CLANG_WARN_DEPRECATED_OBJC_IMPLEMENTATIONS = YES;
				CLANG_WARN_DIRECT_OBJC_ISA_USAGE = YES_ERROR;
				CLANG_WARN_DOCUMENTATION_COMMENTS = YES;
				CLANG_WARN_EMPTY_BODY = YES;
				CLANG_WARN_ENUM_CONVERSION = YES;
				CLANG_WARN_INFINITE_RECURSION = YES;
				CLANG_WARN_INT_CONVERSION = YES;
				CLANG_WARN_NON_LITERAL_NULL_CONVERSION = YES;
				CLANG_WARN_OBJC_IMPLICIT_RETAIN_SELF = YES;
				CLANG_WARN_OBJC_LITERAL_CONVERSION = YES;
				CLANG_WARN_OBJC_ROOT_CLASS = YES_ERROR;
				CLANG_WARN_QUOTED_INCLUDE_IN_FRAMEWORK_HEADER = YES;
				CLANG_WARN_RANGE_LOOP_ANALYSIS = YES;
				CLANG_WARN_STRICT_PROTOTYPES = YES;
				CLANG_WARN_SUSPICIOUS_MOVE = YES;
				CLANG_WARN_UNGUARDED_AVAILABILITY = YES_AGGRESSIVE;
				CLANG_WARN_UNREACHABLE_CODE = YES;
				CLANG_WARN__DUPLICATE_METHOD_MATCH = YES;
				COPY_PHASE_STRIP = NO;
				DEBUG_INFORMATION_FORMAT = "dwarf-with-dsym";
				ENABLE_NS_ASSERTIONS = NO;
				ENABLE_STRICT_OBJC_MSGSEND = YES;
				GCC_C_LANGUAGE_STANDARD = gnu11;
				GCC_NO_COMMON_BLOCKS = YES;
				GCC_WARN_64_TO_32_BIT_CONVERSION = YES;
				GCC_WARN_ABOUT_RETURN_TYPE = YES_ERROR;
				GCC_WARN_UNDECLARED_SELECTOR = YES;
				GCC_WARN_UNINITIALIZED_AUTOS = YES_AGGRESSIVE;
				GCC_WARN_UNUSED_FUNCTION = YES;
				GCC_WARN_UNUSED_VARIABLE = YES;
				MACOSX_DEPLOYMENT_TARGET = 10.15;
				MTL_ENABLE_DEBUG_INFO = NO;
				MTL_FAST_MATH = YES;
				SDKROOT = macosx;
				SWIFT_COMPILATION_MODE = wholemodule;
				SWIFT_OPTIMIZATION_LEVEL = "-O";
			};
			name = Release;
		};
		9B50CB672715D2E100912345 /* Debug */ = {
			isa = XCBuildConfiguration;
			buildSettings = {
				ASSETCATALOG_COMPILER_APPICON_NAME = AppIcon;
				ASSETCATALOG_COMPILER_GLOBAL_ACCENT_COLOR_NAME = AccentColor;
				CODE_SIGN_ENTITLEMENTS = starterPack/starterPack.entitlements;
				CODE_SIGN_STYLE = Automatic;
				COMBINE_HIDPI_IMAGES = YES;
				INFOPLIST_FILE = starterPack/Info.plist;
				LD_RUNPATH_SEARCH_PATHS = (
					"$(inherited)",
					"@executable_path/../Frameworks",
				);
				PRODUCT_BUNDLE_IDENTIFIER = starterPack.starterPack;
				PRODUCT_NAME = "$(TARGET_NAME)";
				SWIFT_VERSION = 5.0;
			};
			name = Debug;
		};
		9B50CB682715D2E100912345 /* Release */ = {
			isa = XCBuildConfiguration;
			buildSettings = {
				ASSETCATALOG_COMPILER_APPICON_NAME = AppIcon;
				ASSETCATALOG_COMPILER_GLOBAL_ACCENT_COLOR_NAME = AccentColor;
				CODE_SIGN_ENTITLEMENTS = starterPack/starterPack.entitlements;
				CODE_SIGN_STYLE = Automatic;
				COMBINE_HIDPI_IMAGES = YES;
				INFOPLIST_FILE = starterPack/Info.plist;
				LD_RUNPATH_SEARCH_PATHS = (
					"$(inherited)",
					"@executable_path/../Frameworks",
				);
				PRODUCT_BUNDLE_IDENTIFIER = starterPack.starterPack;
				PRODUCT_NAME = "$(TARGET_NAME)";
				SWIFT_VERSION = 5.0;
			};
			name = Release;
		};
		9B50CB6A2715D2E100912345 /* Debug */ = {
			isa = XCBuildConfiguration;
			buildSettings = {
				ALWAYS_EMBED_SWIFT_STANDARD_LIBRARIES = YES;
				BUNDLE_LOADER = "$(TEST_HOST)";
				CODE_SIGN_STYLE = Automatic;
				COMBINE_HIDPI_IMAGES = YES;
				INFOPLIST_FILE = starterPackTests/Info.plist;
				LD_RUNPATH_SEARCH_PATHS = (
					"$(inherited)",
					"@executable_path/../Frameworks",
					"@loader_path/../Frameworks",
				);
				MACOSX_DEPLOYMENT_TARGET = 10.15;
				PRODUCT_BUNDLE_IDENTIFIER = starterPack.starterPackTests;
				PRODUCT_NAME = "$(TARGET_NAME)";
				SWIFT_VERSION = 5.0;
				TEST_HOST = "$(BUILT_PRODUCTS_DIR)/starterPack.app/Contents/MacOS/starterPack";
			};
			name = Debug;
		};
		9B50CB6B2715D2E100912345 /* Release */ = {
			isa = XCBuildConfiguration;
			buildSettings = {
				ALWAYS_EMBED_SWIFT_STANDARD_LIBRARIES = YES;
				BUNDLE_LOADER = "$(TEST_HOST)";
				CODE_SIGN_STYLE = Automatic;
				COMBINE_HIDPI_IMAGES = YES;
				INFOPLIST_FILE = starterPackTests/Info.plist;
				LD_RUNPATH_SEARCH_PATHS = (
					"$(inherited)",
					"@executable_path/../Frameworks",
					"@loader_path/../Frameworks",
				);
				MACOSX_DEPLOYMENT_TARGET = 10.15;
				PRODUCT_BUNDLE_IDENTIFIER = starterPack.starterPackTests;
				PRODUCT_NAME = "$(TARGET_NAME)";
				SWIFT_VERSION = 5.0;
				TEST_HOST = "$(BUILT_PRODUCTS_DIR)/starterPack.app/Contents/MacOS/starterPack";
			};
			name = Release;
		};
		9B50CB6D2715D2E100912345 /* Debug */ = {
			isa = XCBuildConfiguration;
			buildSettings = {
				ALWAYS_EMBED_SWIFT_STANDARD_LIBRARIES = YES;
				CODE_SIGN_STYLE = Automatic;
				COMBINE_HIDPI_IMAGES = YES;
				INFOPLIST_FILE = starterPackUITests/Info.plist;
				LD_RUNPATH_SEARCH_PATHS = (
					"$(inherited)",
					"@executable_path/../Frameworks",
					"@loader_path/../Frameworks",
				);
				PRODUCT_BUNDLE_IDENTIFIER = starterPack.starterPackUITests;
				PRODUCT_NAME = "$(TARGET_NAME)";
				SWIFT_VERSION = 5.0;
				TEST_TARGET_NAME = starterPack;
			};
			name = Debug;
		};
		9B50CB6E2715D2E100912345 /* Release */ = {
			isa = XCBuildConfiguration;
			buildSettings = {
				ALWAYS_EMBED_SWIFT_STANDARD_LIBRARIES = YES;
				CODE_SIGN_STYLE = Automatic;
				COMBINE_HIDPI_IMAGES = YES;
				INFOPLIST_FILE = starterPackUITests/Info.plist;
				LD_RUNPATH_SEARCH_PATHS = (
					"$(inherited)",
					"@executable_path/../Frameworks",
					"@loader_path/../Frameworks",
				);
				PRODUCT_BUNDLE_IDENTIFIER = starterPack.starterPackUITests;
				PRODUCT_NAME = "$(TARGET_NAME)";
				SWIFT_VERSION = 5.0;
				TEST_TARGET_NAME = starterPack;
			};
			name = Release;
		};
/* End XCBuildConfiguration section */

/* Begin XCConfigurationList section */
		9B50CB3B2715D2DE00912345 /* Build configuration list for PBXProject "starterPack" */ = {
			isa = XCConfigurationList;
			buildConfigurations = (
				9B50CB642715D2E100912345 /* Debug */,
				9B50CB652715D2E100912345 /* Release */,
			);
			defaultConfigurationIsVisible = 0;
			defaultConfigurationName = Release;
		};
		9B50CB662715D2E100912345 /* Build configuration list for PBXNativeTarget "starterPack" */ = {
			isa = XCConfigurationList;
			buildConfigurations = (
				9B50CB672715D2E100912345 /* Debug */,
				9B50CB682715D2E100912345 /* Release */,
			);
			defaultConfigurationIsVisible = 0;
			defaultConfigurationName = Release;
		};
		9B50CB692715D2E100912345 /* Build configuration list for PBXNativeTarget "starterPackTests" */ = {
			isa = XCConfigurationList;
			buildConfigurations = (
				9B50CB6A2715D2E100912345 /* Debug */,
				9B50CB6B2715D2E100912345 /* Release */,
			);
			defaultConfigurationIsVisible = 0;
			defaultConfigurationName = Release;
		};
		9B50CB6C2715D2E100912345 /* Build configuration list for PBXNativeTarget "starterPackUITests" */ = {
			isa = XCConfigurationList;
			buildConfigurations = (
				9B50CB6D2715D2E100912345 /* Debug */,
				9B50CB6E2715D2E100912345 /* Release */,
			);
			defaultConfigurationIsVisible = 0;
			defaultConfigurationName = Release;
		};
/* End XCConfigurationList section */
	};
	rootObject = 9B50CB382715D2DE00912345 /* Project object */;
}
