// !$*UTF8*$!
{
	archiveVersion = 1;
	classes = {
	};
	objectVersion = 50;
	objects = {

/* Begin PBXBuildFile section */
		9B4391882715D73800DC0A49 /* AppDelegate.swift in Sources */ = {isa = PBXBuildFile; fileRef = 9B4391872715D73800DC0A49 /* AppDelegate.swift */; };
		9B43918A2715D73800DC0A49 /* SceneDelegate.swift in Sources */ = {isa = PBXBuildFile; fileRef = 9B4391892715D73800DC0A49 /* SceneDelegate.swift */; };
		9B43918C2715D73800DC0A49 /* ViewController.swift in Sources */ = {isa = PBXBuildFile; fileRef = 9B43918B2715D73800DC0A49 /* ViewController.swift */; };
		9B43918F2715D73800DC0A49 /* Main.storyboard in Resources */ = {isa = PBXBuildFile; fileRef = 9B43918D2715D73800DC0A49 /* Main.storyboard */; };
		9B4391912715D73C00DC0A49 /* Assets.xcassets in Resources */ = {isa = PBXBuildFile; fileRef = 9B4391902715D73C00DC0A49 /* Assets.xcassets */; };
		9B4391942715D73C00DC0A49 /* LaunchScreen.storyboard in Resources */ = {isa = PBXBuildFile; fileRef = 9B4391922715D73C00DC0A49 /* LaunchScreen.storyboard */; };
		9B43919F2715D73D00DC0A49 /* starterPackTests.swift in Sources */ = {isa = PBXBuildFile; fileRef = 9B43919E2715D73D00DC0A49 /* starterPackTests.swift */; };
		9B4391AA2715D73D00DC0A49 /* starterPackUITests.swift in Sources */ = {isa = PBXBuildFile; fileRef = 9B4391A92715D73D00DC0A49 /* starterPackUITests.swift */; };
		9BC7778627187A7B00D4BCC8 /* TemperatureViewController.swift in Sources */ = {isa = PBXBuildFile; fileRef = 9BC7778527187A7B00D4BCC8 /* TemperatureViewController.swift */; };
		9BC7778B27187A8C00D4BCC8 /* TimeViewController.swift in Sources */ = {isa = PBXBuildFile; fileRef = 9BC7778A27187A8C00D4BCC8 /* TimeViewController.swift */; };
		9BC7779027187A9600D4BCC8 /* CurrencyViewController.swift in Sources */ = {isa = PBXBuildFile; fileRef = 9BC7778F27187A9600D4BCC8 /* CurrencyViewController.swift */; };
		9BC7779527187A9E00D4BCC8 /* MeasurementViewController.swift in Sources */ = {isa = PBXBuildFile; fileRef = 9BC7779427187A9E00D4BCC8 /* MeasurementViewController.swift */; };
		9BC7779A27187AAA00D4BCC8 /* TrafficViewController.swift in Sources */ = {isa = PBXBuildFile; fileRef = 9BC7779927187AAA00D4BCC8 /* TrafficViewController.swift */; };
		9BC7779F27187AB500D4BCC8 /* ClothingViewController.swift in Sources */ = {isa = PBXBuildFile; fileRef = 9BC7779E27187AB500D4BCC8 /* ClothingViewController.swift */; };
		9BC777A427187AC000D4BCC8 /* PhrasesViewController.swift in Sources */ = {isa = PBXBuildFile; fileRef = 9BC777A327187AC000D4BCC8 /* PhrasesViewController.swift */; };
		9BC777A927187ACE00D4BCC8 /* TranslateViewController.swift in Sources */ = {isa = PBXBuildFile; fileRef = 9BC777A827187ACE00D4BCC8 /* TranslateViewController.swift */; };
		9BC777AE27187AD900D4BCC8 /* EmergencyViewController.swift in Sources */ = {isa = PBXBuildFile; fileRef = 9BC777AD27187AD900D4BCC8 /* EmergencyViewController.swift */; };
		9E275421273C6E5700EFD3D4 /* profilesetupViewController.swift in Sources */ = {isa = PBXBuildFile; fileRef = 9E275420273C6E5700EFD3D4 /* profilesetupViewController.swift */; };
		B773E81A273D91520068622B /* User.swift in Sources */ = {isa = PBXBuildFile; fileRef = B773E819273D91520068622B /* User.swift */; };
/* End PBXBuildFile section */

/* Begin PBXContainerItemProxy section */
		9B43919B2715D73D00DC0A49 /* PBXContainerItemProxy */ = {
			isa = PBXContainerItemProxy;
			containerPortal = 9B43917C2715D73800DC0A49 /* Project object */;
			proxyType = 1;
			remoteGlobalIDString = 9B4391832715D73800DC0A49;
			remoteInfo = starterPack;
		};
		9B4391A62715D73D00DC0A49 /* PBXContainerItemProxy */ = {
			isa = PBXContainerItemProxy;
			containerPortal = 9B43917C2715D73800DC0A49 /* Project object */;
			proxyType = 1;
			remoteGlobalIDString = 9B4391832715D73800DC0A49;
			remoteInfo = starterPack;
		};
/* End PBXContainerItemProxy section */

/* Begin PBXFileReference section */
		9B4391842715D73800DC0A49 /* starterPack.app */ = {isa = PBXFileReference; explicitFileType = wrapper.application; includeInIndex = 0; path = starterPack.app; sourceTree = BUILT_PRODUCTS_DIR; };
		9B4391872715D73800DC0A49 /* AppDelegate.swift */ = {isa = PBXFileReference; lastKnownFileType = sourcecode.swift; path = AppDelegate.swift; sourceTree = "<group>"; };
		9B4391892715D73800DC0A49 /* SceneDelegate.swift */ = {isa = PBXFileReference; lastKnownFileType = sourcecode.swift; path = SceneDelegate.swift; sourceTree = "<group>"; };
		9B43918B2715D73800DC0A49 /* ViewController.swift */ = {isa = PBXFileReference; lastKnownFileType = sourcecode.swift; path = ViewController.swift; sourceTree = "<group>"; };
		9B43918E2715D73800DC0A49 /* Base */ = {isa = PBXFileReference; lastKnownFileType = file.storyboard; name = Base; path = Base.lproj/Main.storyboard; sourceTree = "<group>"; };
		9B4391902715D73C00DC0A49 /* Assets.xcassets */ = {isa = PBXFileReference; lastKnownFileType = folder.assetcatalog; path = Assets.xcassets; sourceTree = "<group>"; };
		9B4391932715D73C00DC0A49 /* Base */ = {isa = PBXFileReference; lastKnownFileType = file.storyboard; name = Base; path = Base.lproj/LaunchScreen.storyboard; sourceTree = "<group>"; };
		9B4391952715D73C00DC0A49 /* Info.plist */ = {isa = PBXFileReference; lastKnownFileType = text.plist.xml; path = Info.plist; sourceTree = "<group>"; };
		9B43919A2715D73D00DC0A49 /* starterPackTests.xctest */ = {isa = PBXFileReference; explicitFileType = wrapper.cfbundle; includeInIndex = 0; path = starterPackTests.xctest; sourceTree = BUILT_PRODUCTS_DIR; };
		9B43919E2715D73D00DC0A49 /* starterPackTests.swift */ = {isa = PBXFileReference; lastKnownFileType = sourcecode.swift; path = starterPackTests.swift; sourceTree = "<group>"; };
		9B4391A02715D73D00DC0A49 /* Info.plist */ = {isa = PBXFileReference; lastKnownFileType = text.plist.xml; path = Info.plist; sourceTree = "<group>"; };
		9B4391A52715D73D00DC0A49 /* starterPackUITests.xctest */ = {isa = PBXFileReference; explicitFileType = wrapper.cfbundle; includeInIndex = 0; path = starterPackUITests.xctest; sourceTree = BUILT_PRODUCTS_DIR; };
		9B4391A92715D73D00DC0A49 /* starterPackUITests.swift */ = {isa = PBXFileReference; lastKnownFileType = sourcecode.swift; path = starterPackUITests.swift; sourceTree = "<group>"; };
		9B4391AB2715D73D00DC0A49 /* Info.plist */ = {isa = PBXFileReference; lastKnownFileType = text.plist.xml; path = Info.plist; sourceTree = "<group>"; };
		9BC7778527187A7B00D4BCC8 /* TemperatureViewController.swift */ = {isa = PBXFileReference; lastKnownFileType = sourcecode.swift; path = TemperatureViewController.swift; sourceTree = "<group>"; };
		9BC7778A27187A8C00D4BCC8 /* TimeViewController.swift */ = {isa = PBXFileReference; lastKnownFileType = sourcecode.swift; path = TimeViewController.swift; sourceTree = "<group>"; };
		9BC7778F27187A9600D4BCC8 /* CurrencyViewController.swift */ = {isa = PBXFileReference; lastKnownFileType = sourcecode.swift; path = CurrencyViewController.swift; sourceTree = "<group>"; };
		9BC7779427187A9E00D4BCC8 /* MeasurementViewController.swift */ = {isa = PBXFileReference; lastKnownFileType = sourcecode.swift; path = MeasurementViewController.swift; sourceTree = "<group>"; };
		9BC7779927187AAA00D4BCC8 /* TrafficViewController.swift */ = {isa = PBXFileReference; lastKnownFileType = sourcecode.swift; path = TrafficViewController.swift; sourceTree = "<group>"; };
		9BC7779E27187AB500D4BCC8 /* ClothingViewController.swift */ = {isa = PBXFileReference; lastKnownFileType = sourcecode.swift; path = ClothingViewController.swift; sourceTree = "<group>"; };
		9BC777A327187AC000D4BCC8 /* PhrasesViewController.swift */ = {isa = PBXFileReference; lastKnownFileType = sourcecode.swift; path = PhrasesViewController.swift; sourceTree = "<group>"; };
		9BC777A827187ACE00D4BCC8 /* TranslateViewController.swift */ = {isa = PBXFileReference; lastKnownFileType = sourcecode.swift; path = TranslateViewController.swift; sourceTree = "<group>"; };
		9BC777AD27187AD900D4BCC8 /* EmergencyViewController.swift */ = {isa = PBXFileReference; lastKnownFileType = sourcecode.swift; path = EmergencyViewController.swift; sourceTree = "<group>"; };
		9E275420273C6E5700EFD3D4 /* profilesetupViewController.swift */ = {isa = PBXFileReference; lastKnownFileType = sourcecode.swift; path = profilesetupViewController.swift; sourceTree = "<group>"; };
		B773E819273D91520068622B /* User.swift */ = {isa = PBXFileReference; lastKnownFileType = sourcecode.swift; path = User.swift; sourceTree = "<group>"; };
/* End PBXFileReference section */

/* Begin PBXFrameworksBuildPhase section */
		9B4391812715D73800DC0A49 /* Frameworks */ = {
			isa = PBXFrameworksBuildPhase;
			buildActionMask = 2147483647;
			files = (
			);
			runOnlyForDeploymentPostprocessing = 0;
		};
		9B4391972715D73D00DC0A49 /* Frameworks */ = {
			isa = PBXFrameworksBuildPhase;
			buildActionMask = 2147483647;
			files = (
			);
			runOnlyForDeploymentPostprocessing = 0;
		};
		9B4391A22715D73D00DC0A49 /* Frameworks */ = {
			isa = PBXFrameworksBuildPhase;
			buildActionMask = 2147483647;
			files = (
			);
			runOnlyForDeploymentPostprocessing = 0;
		};
/* End PBXFrameworksBuildPhase section */

/* Begin PBXGroup section */
		9B43917B2715D73800DC0A49 = {
			isa = PBXGroup;
			children = (
				9B4391862715D73800DC0A49 /* starterPack */,
				9B43919D2715D73D00DC0A49 /* starterPackTests */,
				9B4391A82715D73D00DC0A49 /* starterPackUITests */,
				9B4391852715D73800DC0A49 /* Products */,
			);
			sourceTree = "<group>";
		};
		9B4391852715D73800DC0A49 /* Products */ = {
			isa = PBXGroup;
			children = (
				9B4391842715D73800DC0A49 /* starterPack.app */,
				9B43919A2715D73D00DC0A49 /* starterPackTests.xctest */,
				9B4391A52715D73D00DC0A49 /* starterPackUITests.xctest */,
			);
			name = Products;
			sourceTree = "<group>";
		};
		9B4391862715D73800DC0A49 /* starterPack */ = {
			isa = PBXGroup;
			children = (
				9B4391872715D73800DC0A49 /* AppDelegate.swift */,
				9B4391892715D73800DC0A49 /* SceneDelegate.swift */,
				9B43918B2715D73800DC0A49 /* ViewController.swift */,
				9E275420273C6E5700EFD3D4 /* profilesetupViewController.swift */,
				9B43918D2715D73800DC0A49 /* Main.storyboard */,
				9BC7778527187A7B00D4BCC8 /* TemperatureViewController.swift */,
				9BC7778A27187A8C00D4BCC8 /* TimeViewController.swift */,
				9BC7778F27187A9600D4BCC8 /* CurrencyViewController.swift */,
				9BC7779427187A9E00D4BCC8 /* MeasurementViewController.swift */,
				9BC7779927187AAA00D4BCC8 /* TrafficViewController.swift */,
				9BC7779E27187AB500D4BCC8 /* ClothingViewController.swift */,
				9BC777A327187AC000D4BCC8 /* PhrasesViewController.swift */,
				9BC777A827187ACE00D4BCC8 /* TranslateViewController.swift */,
				9BC777AD27187AD900D4BCC8 /* EmergencyViewController.swift */,
				9B4391902715D73C00DC0A49 /* Assets.xcassets */,
				9B4391922715D73C00DC0A49 /* LaunchScreen.storyboard */,
				9B4391952715D73C00DC0A49 /* Info.plist */,
				B773E819273D91520068622B /* User.swift */,
			);
			path = starterPack;
			sourceTree = "<group>";
		};
		9B43919D2715D73D00DC0A49 /* starterPackTests */ = {
			isa = PBXGroup;
			children = (
				9B43919E2715D73D00DC0A49 /* starterPackTests.swift */,
				9B4391A02715D73D00DC0A49 /* Info.plist */,
			);
			path = starterPackTests;
			sourceTree = "<group>";
		};
		9B4391A82715D73D00DC0A49 /* starterPackUITests */ = {
			isa = PBXGroup;
			children = (
				9B4391A92715D73D00DC0A49 /* starterPackUITests.swift */,
				9B4391AB2715D73D00DC0A49 /* Info.plist */,
			);
			path = starterPackUITests;
			sourceTree = "<group>";
		};
/* End PBXGroup section */

/* Begin PBXNativeTarget section */
		9B4391832715D73800DC0A49 /* starterPack */ = {
			isa = PBXNativeTarget;
			buildConfigurationList = 9B4391AE2715D73D00DC0A49 /* Build configuration list for PBXNativeTarget "starterPack" */;
			buildPhases = (
				9B4391802715D73800DC0A49 /* Sources */,
				9B4391812715D73800DC0A49 /* Frameworks */,
				9B4391822715D73800DC0A49 /* Resources */,
			);
			buildRules = (
			);
			dependencies = (
			);
			name = starterPack;
			productName = starterPack;
			productReference = 9B4391842715D73800DC0A49 /* starterPack.app */;
			productType = "com.apple.product-type.application";
		};
		9B4391992715D73D00DC0A49 /* starterPackTests */ = {
			isa = PBXNativeTarget;
			buildConfigurationList = 9B4391B12715D73D00DC0A49 /* Build configuration list for PBXNativeTarget "starterPackTests" */;
			buildPhases = (
				9B4391962715D73D00DC0A49 /* Sources */,
				9B4391972715D73D00DC0A49 /* Frameworks */,
				9B4391982715D73D00DC0A49 /* Resources */,
			);
			buildRules = (
			);
			dependencies = (
				9B43919C2715D73D00DC0A49 /* PBXTargetDependency */,
			);
			name = starterPackTests;
			productName = starterPackTests;
			productReference = 9B43919A2715D73D00DC0A49 /* starterPackTests.xctest */;
			productType = "com.apple.product-type.bundle.unit-test";
		};
		9B4391A42715D73D00DC0A49 /* starterPackUITests */ = {
			isa = PBXNativeTarget;
			buildConfigurationList = 9B4391B42715D73D00DC0A49 /* Build configuration list for PBXNativeTarget "starterPackUITests" */;
			buildPhases = (
				9B4391A12715D73D00DC0A49 /* Sources */,
				9B4391A22715D73D00DC0A49 /* Frameworks */,
				9B4391A32715D73D00DC0A49 /* Resources */,
			);
			buildRules = (
			);
			dependencies = (
				9B4391A72715D73D00DC0A49 /* PBXTargetDependency */,
			);
			name = starterPackUITests;
			productName = starterPackUITests;
			productReference = 9B4391A52715D73D00DC0A49 /* starterPackUITests.xctest */;
			productType = "com.apple.product-type.bundle.ui-testing";
		};
/* End PBXNativeTarget section */

/* Begin PBXProject section */
		9B43917C2715D73800DC0A49 /* Project object */ = {
			isa = PBXProject;
			attributes = {
				LastSwiftUpdateCheck = 1240;
				LastUpgradeCheck = 1240;
				TargetAttributes = {
					9B4391832715D73800DC0A49 = {
						CreatedOnToolsVersion = 12.4;
					};
					9B4391992715D73D00DC0A49 = {
						CreatedOnToolsVersion = 12.4;
						TestTargetID = 9B4391832715D73800DC0A49;
					};
					9B4391A42715D73D00DC0A49 = {
						CreatedOnToolsVersion = 12.4;
						TestTargetID = 9B4391832715D73800DC0A49;
					};
				};
			};
			buildConfigurationList = 9B43917F2715D73800DC0A49 /* Build configuration list for PBXProject "starterPack" */;
			compatibilityVersion = "Xcode 9.3";
			developmentRegion = en;
			hasScannedForEncodings = 0;
			knownRegions = (
				en,
				Base,
			);
			mainGroup = 9B43917B2715D73800DC0A49;
			productRefGroup = 9B4391852715D73800DC0A49 /* Products */;
			projectDirPath = "";
			projectRoot = "";
			targets = (
				9B4391832715D73800DC0A49 /* starterPack */,
				9B4391992715D73D00DC0A49 /* starterPackTests */,
				9B4391A42715D73D00DC0A49 /* starterPackUITests */,
			);
		};
/* End PBXProject section */

/* Begin PBXResourcesBuildPhase section */
		9B4391822715D73800DC0A49 /* Resources */ = {
			isa = PBXResourcesBuildPhase;
			buildActionMask = 2147483647;
			files = (
				9B4391942715D73C00DC0A49 /* LaunchScreen.storyboard in Resources */,
				9B4391912715D73C00DC0A49 /* Assets.xcassets in Resources */,
				9B43918F2715D73800DC0A49 /* Main.storyboard in Resources */,
			);
			runOnlyForDeploymentPostprocessing = 0;
		};
		9B4391982715D73D00DC0A49 /* Resources */ = {
			isa = PBXResourcesBuildPhase;
			buildActionMask = 2147483647;
			files = (
			);
			runOnlyForDeploymentPostprocessing = 0;
		};
		9B4391A32715D73D00DC0A49 /* Resources */ = {
			isa = PBXResourcesBuildPhase;
			buildActionMask = 2147483647;
			files = (
			);
			runOnlyForDeploymentPostprocessing = 0;
		};
/* End PBXResourcesBuildPhase section */

/* Begin PBXSourcesBuildPhase section */
		9B4391802715D73800DC0A49 /* Sources */ = {
			isa = PBXSourcesBuildPhase;
			buildActionMask = 2147483647;
			files = (
				9B43918C2715D73800DC0A49 /* ViewController.swift in Sources */,
				9BC7779027187A9600D4BCC8 /* CurrencyViewController.swift in Sources */,
				9E275421273C6E5700EFD3D4 /* profilesetupViewController.swift in Sources */,
				9BC777AE27187AD900D4BCC8 /* EmergencyViewController.swift in Sources */,
				9BC7778B27187A8C00D4BCC8 /* TimeViewController.swift in Sources */,
				9B4391882715D73800DC0A49 /* AppDelegate.swift in Sources */,
				B773E81A273D91520068622B /* User.swift in Sources */,
				9BC7779A27187AAA00D4BCC8 /* TrafficViewController.swift in Sources */,
				9BC7779F27187AB500D4BCC8 /* ClothingViewController.swift in Sources */,
				9B43918A2715D73800DC0A49 /* SceneDelegate.swift in Sources */,
				9BC777A927187ACE00D4BCC8 /* TranslateViewController.swift in Sources */,
				9BC777A427187AC000D4BCC8 /* PhrasesViewController.swift in Sources */,
				9BC7778627187A7B00D4BCC8 /* TemperatureViewController.swift in Sources */,
				9BC7779527187A9E00D4BCC8 /* MeasurementViewController.swift in Sources */,
			);
			runOnlyForDeploymentPostprocessing = 0;
		};
		9B4391962715D73D00DC0A49 /* Sources */ = {
			isa = PBXSourcesBuildPhase;
			buildActionMask = 2147483647;
			files = (
				9B43919F2715D73D00DC0A49 /* starterPackTests.swift in Sources */,
			);
			runOnlyForDeploymentPostprocessing = 0;
		};
		9B4391A12715D73D00DC0A49 /* Sources */ = {
			isa = PBXSourcesBuildPhase;
			buildActionMask = 2147483647;
			files = (
				9B4391AA2715D73D00DC0A49 /* starterPackUITests.swift in Sources */,
			);
			runOnlyForDeploymentPostprocessing = 0;
		};
/* End PBXSourcesBuildPhase section */

/* Begin PBXTargetDependency section */
		9B43919C2715D73D00DC0A49 /* PBXTargetDependency */ = {
			isa = PBXTargetDependency;
			target = 9B4391832715D73800DC0A49 /* starterPack */;
			targetProxy = 9B43919B2715D73D00DC0A49 /* PBXContainerItemProxy */;
		};
		9B4391A72715D73D00DC0A49 /* PBXTargetDependency */ = {
			isa = PBXTargetDependency;
			target = 9B4391832715D73800DC0A49 /* starterPack */;
			targetProxy = 9B4391A62715D73D00DC0A49 /* PBXContainerItemProxy */;
		};
/* End PBXTargetDependency section */

/* Begin PBXVariantGroup section */
		9B43918D2715D73800DC0A49 /* Main.storyboard */ = {
			isa = PBXVariantGroup;
			children = (
				9B43918E2715D73800DC0A49 /* Base */,
			);
			name = Main.storyboard;
			sourceTree = "<group>";
		};
		9B4391922715D73C00DC0A49 /* LaunchScreen.storyboard */ = {
			isa = PBXVariantGroup;
			children = (
				9B4391932715D73C00DC0A49 /* Base */,
			);
			name = LaunchScreen.storyboard;
			sourceTree = "<group>";
		};
/* End PBXVariantGroup section */

/* Begin XCBuildConfiguration section */
		9B4391AC2715D73D00DC0A49 /* Debug */ = {
			isa = XCBuildConfiguration;
			buildSettings = {
				ALWAYS_SEARCH_USER_PATHS = NO;
				CLANG_ANALYZER_NONNULL = YES;
				CLANG_ANALYZER_NUMBER_OBJECT_CONVERSION = YES_AGGRESSIVE;
				CLANG_CXX_LANGUAGE_STANDARD = "gnu++14";
				CLANG_CXX_LIBRARY = "libc++";
				CLANG_ENABLE_MODULES = YES;
				CLANG_ENABLE_OBJC_ARC = YES;
				CLANG_ENABLE_OBJC_WEAK = YES;
				CLANG_WARN_BLOCK_CAPTURE_AUTORELEASING = YES;
				CLANG_WARN_BOOL_CONVERSION = YES;
				CLANG_WARN_COMMA = YES;
				CLANG_WARN_CONSTANT_CONVERSION = YES;
				CLANG_WARN_DEPRECATED_OBJC_IMPLEMENTATIONS = YES;
				CLANG_WARN_DIRECT_OBJC_ISA_USAGE = YES_ERROR;
				CLANG_WARN_DOCUMENTATION_COMMENTS = YES;
				CLANG_WARN_EMPTY_BODY = YES;
				CLANG_WARN_ENUM_CONVERSION = YES;
				CLANG_WARN_INFINITE_RECURSION = YES;
				CLANG_WARN_INT_CONVERSION = YES;
				CLANG_WARN_NON_LITERAL_NULL_CONVERSION = YES;
				CLANG_WARN_OBJC_IMPLICIT_RETAIN_SELF = YES;
				CLANG_WARN_OBJC_LITERAL_CONVERSION = YES;
				CLANG_WARN_OBJC_ROOT_CLASS = YES_ERROR;
				CLANG_WARN_QUOTED_INCLUDE_IN_FRAMEWORK_HEADER = YES;
				CLANG_WARN_RANGE_LOOP_ANALYSIS = YES;
				CLANG_WARN_STRICT_PROTOTYPES = YES;
				CLANG_WARN_SUSPICIOUS_MOVE = YES;
				CLANG_WARN_UNGUARDED_AVAILABILITY = YES_AGGRESSIVE;
				CLANG_WARN_UNREACHABLE_CODE = YES;
				CLANG_WARN__DUPLICATE_METHOD_MATCH = YES;
				COPY_PHASE_STRIP = NO;
				DEBUG_INFORMATION_FORMAT = dwarf;
				ENABLE_STRICT_OBJC_MSGSEND = YES;
				ENABLE_TESTABILITY = YES;
				GCC_C_LANGUAGE_STANDARD = gnu11;
				GCC_DYNAMIC_NO_PIC = NO;
				GCC_NO_COMMON_BLOCKS = YES;
				GCC_OPTIMIZATION_LEVEL = 0;
				GCC_PREPROCESSOR_DEFINITIONS = (
					"DEBUG=1",
					"$(inherited)",
				);
				GCC_WARN_64_TO_32_BIT_CONVERSION = YES;
				GCC_WARN_ABOUT_RETURN_TYPE = YES_ERROR;
				GCC_WARN_UNDECLARED_SELECTOR = YES;
				GCC_WARN_UNINITIALIZED_AUTOS = YES_AGGRESSIVE;
				GCC_WARN_UNUSED_FUNCTION = YES;
				GCC_WARN_UNUSED_VARIABLE = YES;
				IPHONEOS_DEPLOYMENT_TARGET = 13.2;
				MTL_ENABLE_DEBUG_INFO = INCLUDE_SOURCE;
				MTL_FAST_MATH = YES;
				ONLY_ACTIVE_ARCH = YES;
				SDKROOT = iphoneos;
				SWIFT_ACTIVE_COMPILATION_CONDITIONS = DEBUG;
				SWIFT_OPTIMIZATION_LEVEL = "-Onone";
			};
			name = Debug;
		};
		9B4391AD2715D73D00DC0A49 /* Release */ = {
			isa = XCBuildConfiguration;
			buildSettings = {
				ALWAYS_SEARCH_USER_PATHS = NO;
				CLANG_ANALYZER_NONNULL = YES;
				CLANG_ANALYZER_NUMBER_OBJECT_CONVERSION = YES_AGGRESSIVE;
				CLANG_CXX_LANGUAGE_STANDARD = "gnu++14";
				CLANG_CXX_LIBRARY = "libc++";
				CLANG_ENABLE_MODULES = YES;
				CLANG_ENABLE_OBJC_ARC = YES;
				CLANG_ENABLE_OBJC_WEAK = YES;
				CLANG_WARN_BLOCK_CAPTURE_AUTORELEASING = YES;
				CLANG_WARN_BOOL_CONVERSION = YES;
				CLANG_WARN_COMMA = YES;
				CLANG_WARN_CONSTANT_CONVERSION = YES;
				CLANG_WARN_DEPRECATED_OBJC_IMPLEMENTATIONS = YES;
				CLANG_WARN_DIRECT_OBJC_ISA_USAGE = YES_ERROR;
				CLANG_WARN_DOCUMENTATION_COMMENTS = YES;
				CLANG_WARN_EMPTY_BODY = YES;
				CLANG_WARN_ENUM_CONVERSION = YES;
				CLANG_WARN_INFINITE_RECURSION = YES;
				CLANG_WARN_INT_CONVERSION = YES;
				CLANG_WARN_NON_LITERAL_NULL_CONVERSION = YES;
				CLANG_WARN_OBJC_IMPLICIT_RETAIN_SELF = YES;
				CLANG_WARN_OBJC_LITERAL_CONVERSION = YES;
				CLANG_WARN_OBJC_ROOT_CLASS = YES_ERROR;
				CLANG_WARN_QUOTED_INCLUDE_IN_FRAMEWORK_HEADER = YES;
				CLANG_WARN_RANGE_LOOP_ANALYSIS = YES;
				CLANG_WARN_STRICT_PROTOTYPES = YES;
				CLANG_WARN_SUSPICIOUS_MOVE = YES;
				CLANG_WARN_UNGUARDED_AVAILABILITY = YES_AGGRESSIVE;
				CLANG_WARN_UNREACHABLE_CODE = YES;
				CLANG_WARN__DUPLICATE_METHOD_MATCH = YES;
				COPY_PHASE_STRIP = NO;
				DEBUG_INFORMATION_FORMAT = "dwarf-with-dsym";
				ENABLE_NS_ASSERTIONS = NO;
				ENABLE_STRICT_OBJC_MSGSEND = YES;
				GCC_C_LANGUAGE_STANDARD = gnu11;
				GCC_NO_COMMON_BLOCKS = YES;
				GCC_WARN_64_TO_32_BIT_CONVERSION = YES;
				GCC_WARN_ABOUT_RETURN_TYPE = YES_ERROR;
				GCC_WARN_UNDECLARED_SELECTOR = YES;
				GCC_WARN_UNINITIALIZED_AUTOS = YES_AGGRESSIVE;
				GCC_WARN_UNUSED_FUNCTION = YES;
				GCC_WARN_UNUSED_VARIABLE = YES;
				IPHONEOS_DEPLOYMENT_TARGET = 13.2;
				MTL_ENABLE_DEBUG_INFO = NO;
				MTL_FAST_MATH = YES;
				SDKROOT = iphoneos;
				SWIFT_COMPILATION_MODE = wholemodule;
				SWIFT_OPTIMIZATION_LEVEL = "-O";
				VALIDATE_PRODUCT = YES;
			};
			name = Release;
		};
		9B4391AF2715D73D00DC0A49 /* Debug */ = {
			isa = XCBuildConfiguration;
			buildSettings = {
				ASSETCATALOG_COMPILER_APPICON_NAME = AppIcon;
				ASSETCATALOG_COMPILER_GLOBAL_ACCENT_COLOR_NAME = AccentColor;
				CODE_SIGN_STYLE = Automatic;
				DEVELOPMENT_TEAM = 4M37P4SA8Z;
				INFOPLIST_FILE = starterPack/Info.plist;
				IPHONEOS_DEPLOYMENT_TARGET = 13.2;
				LD_RUNPATH_SEARCH_PATHS = (
					"$(inherited)",
					"@executable_path/Frameworks",
				);
				PRODUCT_BUNDLE_IDENTIFIER = starterPack.starterPack;
				PRODUCT_NAME = "$(TARGET_NAME)";
				SWIFT_VERSION = 5.0;
				TARGETED_DEVICE_FAMILY = "1,2";
			};
			name = Debug;
		};
		9B4391B02715D73D00DC0A49 /* Release */ = {
			isa = XCBuildConfiguration;
			buildSettings = {
				ASSETCATALOG_COMPILER_APPICON_NAME = AppIcon;
				ASSETCATALOG_COMPILER_GLOBAL_ACCENT_COLOR_NAME = AccentColor;
				CODE_SIGN_STYLE = Automatic;
				DEVELOPMENT_TEAM = 4M37P4SA8Z;
				INFOPLIST_FILE = starterPack/Info.plist;
				IPHONEOS_DEPLOYMENT_TARGET = 13.2;
				LD_RUNPATH_SEARCH_PATHS = (
					"$(inherited)",
					"@executable_path/Frameworks",
				);
				PRODUCT_BUNDLE_IDENTIFIER = starterPack.starterPack;
				PRODUCT_NAME = "$(TARGET_NAME)";
				SWIFT_VERSION = 5.0;
				TARGETED_DEVICE_FAMILY = "1,2";
			};
			name = Release;
		};
		9B4391B22715D73D00DC0A49 /* Debug */ = {
			isa = XCBuildConfiguration;
			buildSettings = {
				ALWAYS_EMBED_SWIFT_STANDARD_LIBRARIES = YES;
				BUNDLE_LOADER = "$(TEST_HOST)";
				CODE_SIGN_STYLE = Automatic;
				INFOPLIST_FILE = starterPackTests/Info.plist;
				IPHONEOS_DEPLOYMENT_TARGET = 13.2;
				LD_RUNPATH_SEARCH_PATHS = (
					"$(inherited)",
					"@executable_path/Frameworks",
					"@loader_path/Frameworks",
				);
				PRODUCT_BUNDLE_IDENTIFIER = starterPack.starterPackTests;
				PRODUCT_NAME = "$(TARGET_NAME)";
				SWIFT_VERSION = 5.0;
				TARGETED_DEVICE_FAMILY = "1,2";
				TEST_HOST = "$(BUILT_PRODUCTS_DIR)/starterPack.app/starterPack";
			};
			name = Debug;
		};
		9B4391B32715D73D00DC0A49 /* Release */ = {
			isa = XCBuildConfiguration;
			buildSettings = {
				ALWAYS_EMBED_SWIFT_STANDARD_LIBRARIES = YES;
				BUNDLE_LOADER = "$(TEST_HOST)";
				CODE_SIGN_STYLE = Automatic;
				INFOPLIST_FILE = starterPackTests/Info.plist;
				IPHONEOS_DEPLOYMENT_TARGET = 13.2;
				LD_RUNPATH_SEARCH_PATHS = (
					"$(inherited)",
					"@executable_path/Frameworks",
					"@loader_path/Frameworks",
				);
				PRODUCT_BUNDLE_IDENTIFIER = starterPack.starterPackTests;
				PRODUCT_NAME = "$(TARGET_NAME)";
				SWIFT_VERSION = 5.0;
				TARGETED_DEVICE_FAMILY = "1,2";
				TEST_HOST = "$(BUILT_PRODUCTS_DIR)/starterPack.app/starterPack";
			};
			name = Release;
		};
		9B4391B52715D73D00DC0A49 /* Debug */ = {
			isa = XCBuildConfiguration;
			buildSettings = {
				ALWAYS_EMBED_SWIFT_STANDARD_LIBRARIES = YES;
				CODE_SIGN_STYLE = Automatic;
				INFOPLIST_FILE = starterPackUITests/Info.plist;
				LD_RUNPATH_SEARCH_PATHS = (
					"$(inherited)",
					"@executable_path/Frameworks",
					"@loader_path/Frameworks",
				);
				PRODUCT_BUNDLE_IDENTIFIER = starterPack.starterPackUITests;
				PRODUCT_NAME = "$(TARGET_NAME)";
				SWIFT_VERSION = 5.0;
				TARGETED_DEVICE_FAMILY = "1,2";
				TEST_TARGET_NAME = starterPack;
			};
			name = Debug;
		};
		9B4391B62715D73D00DC0A49 /* Release */ = {
			isa = XCBuildConfiguration;
			buildSettings = {
				ALWAYS_EMBED_SWIFT_STANDARD_LIBRARIES = YES;
				CODE_SIGN_STYLE = Automatic;
				INFOPLIST_FILE = starterPackUITests/Info.plist;
				LD_RUNPATH_SEARCH_PATHS = (
					"$(inherited)",
					"@executable_path/Frameworks",
					"@loader_path/Frameworks",
				);
				PRODUCT_BUNDLE_IDENTIFIER = starterPack.starterPackUITests;
				PRODUCT_NAME = "$(TARGET_NAME)";
				SWIFT_VERSION = 5.0;
				TARGETED_DEVICE_FAMILY = "1,2";
				TEST_TARGET_NAME = starterPack;
			};
			name = Release;
		};
/* End XCBuildConfiguration section */

/* Begin XCConfigurationList section */
		9B43917F2715D73800DC0A49 /* Build configuration list for PBXProject "starterPack" */ = {
			isa = XCConfigurationList;
			buildConfigurations = (
				9B4391AC2715D73D00DC0A49 /* Debug */,
				9B4391AD2715D73D00DC0A49 /* Release */,
			);
			defaultConfigurationIsVisible = 0;
			defaultConfigurationName = Release;
		};
		9B4391AE2715D73D00DC0A49 /* Build configuration list for PBXNativeTarget "starterPack" */ = {
			isa = XCConfigurationList;
			buildConfigurations = (
				9B4391AF2715D73D00DC0A49 /* Debug */,
				9B4391B02715D73D00DC0A49 /* Release */,
			);
			defaultConfigurationIsVisible = 0;
			defaultConfigurationName = Release;
		};
		9B4391B12715D73D00DC0A49 /* Build configuration list for PBXNativeTarget "starterPackTests" */ = {
			isa = XCConfigurationList;
			buildConfigurations = (
				9B4391B22715D73D00DC0A49 /* Debug */,
				9B4391B32715D73D00DC0A49 /* Release */,
			);
			defaultConfigurationIsVisible = 0;
			defaultConfigurationName = Release;
		};
		9B4391B42715D73D00DC0A49 /* Build configuration list for PBXNativeTarget "starterPackUITests" */ = {
			isa = XCConfigurationList;
			buildConfigurations = (
				9B4391B52715D73D00DC0A49 /* Debug */,
				9B4391B62715D73D00DC0A49 /* Release */,
			);
			defaultConfigurationIsVisible = 0;
			defaultConfigurationName = Release;
		};
/* End XCConfigurationList section */
	};
	rootObject = 9B43917C2715D73800DC0A49 /* Project object */;
}
